
Microsoft Visual Studio Solution File, Format Version 12.00
# Visual Studio Version 16
VisualStudioVersion = 16.0.30114.105
MinimumVisualStudioVersion = 10.0.40219.1
Project("{FAE04EC0-301F-11D3-BF4B-00C04F79EFBC}") = "Lesson5_DT_Logic", "Lesson5.LogicAndTypes\Lesson5_DT_Logic.csproj", "{FD4B2DA0-CC61-485A-B83A-0D1FCBA2B960}"
EndProject
Project("{FAE04EC0-301F-11D3-BF4B-00C04F79EFBC}") = "Lesson6_Loops", "Lesson6.Loops\Lesson6_Loops.csproj", "{AAB69E96-C5AD-47D4-AFDE-BFABDB9499C5}"
EndProject
Global
	GlobalSection(SolutionConfigurationPlatforms) = preSolution
		Debug|Any CPU = Debug|Any CPU
		Release|Any CPU = Release|Any CPU
	EndGlobalSection
	GlobalSection(SolutionProperties) = preSolution
		HideSolutionNode = FALSE
	EndGlobalSection
	GlobalSection(ProjectConfigurationPlatforms) = postSolution
		{214636F4-BED8-421C-B007-04D5BD6EC6D6}.Debug|Any CPU.ActiveCfg = Debug|Any CPU
		{214636F4-BED8-421C-B007-04D5BD6EC6D6}.Debug|Any CPU.Build.0 = Debug|Any CPU
		{214636F4-BED8-421C-B007-04D5BD6EC6D6}.Release|Any CPU.ActiveCfg = Release|Any CPU
		{214636F4-BED8-421C-B007-04D5BD6EC6D6}.Release|Any CPU.Build.0 = Release|Any CPU
		{AA81AF41-B9B0-4CC8-8CCC-AD18D4130CF1}.Debug|Any CPU.ActiveCfg = Debug|Any CPU
		{AA81AF41-B9B0-4CC8-8CCC-AD18D4130CF1}.Debug|Any CPU.Build.0 = Debug|Any CPU
		{AA81AF41-B9B0-4CC8-8CCC-AD18D4130CF1}.Release|Any CPU.ActiveCfg = Release|Any CPU
		{AA81AF41-B9B0-4CC8-8CCC-AD18D4130CF1}.Release|Any CPU.Build.0 = Release|Any CPU
		{D9B48792-8CDB-4CEC-A4A5-E93269BDBE06}.Debug|Any CPU.ActiveCfg = Debug|Any CPU
		{D9B48792-8CDB-4CEC-A4A5-E93269BDBE06}.Debug|Any CPU.Build.0 = Debug|Any CPU
		{D9B48792-8CDB-4CEC-A4A5-E93269BDBE06}.Release|Any CPU.ActiveCfg = Release|Any CPU
		{D9B48792-8CDB-4CEC-A4A5-E93269BDBE06}.Release|Any CPU.Build.0 = Release|Any CPU
		{FD4B2DA0-CC61-485A-B83A-0D1FCBA2B960}.Debug|Any CPU.ActiveCfg = Debug|Any CPU
		{FD4B2DA0-CC61-485A-B83A-0D1FCBA2B960}.Debug|Any CPU.Build.0 = Debug|Any CPU
		{FD4B2DA0-CC61-485A-B83A-0D1FCBA2B960}.Release|Any CPU.ActiveCfg = Release|Any CPU
		{FD4B2DA0-CC61-485A-B83A-0D1FCBA2B960}.Release|Any CPU.Build.0 = Release|Any CPU
		{AAB69E96-C5AD-47D4-AFDE-BFABDB9499C5}.Debug|Any CPU.ActiveCfg = Debug|Any CPU
		{AAB69E96-C5AD-47D4-AFDE-BFABDB9499C5}.Debug|Any CPU.Build.0 = Debug|Any CPU
		{AAB69E96-C5AD-47D4-AFDE-BFABDB9499C5}.Release|Any CPU.ActiveCfg = Release|Any CPU
		{AAB69E96-C5AD-47D4-AFDE-BFABDB9499C5}.Release|Any CPU.Build.0 = Release|Any CPU
	EndGlobalSection
EndGlobal
