
Microsoft Visual Studio Solution File, Format Version 12.00
# Visual Studio Version 17
VisualStudioVersion = 17.1.32328.378
MinimumVisualStudioVersion = 10.0.40219.1
Project("{9A19103F-16F7-4668-BE54-9A1E7A4F7556}") = "Lesson8_Practics", "Lesson8_Practics\Lesson8_Practics.csproj", "{4576428D-992C-4F98-A4A3-32D970374E66}"
EndProject
Project("{FAE04EC0-301F-11D3-BF4B-00C04F79EFBC}") = "Lesson8_Practics2", "Lesson8_Practics2\Lesson8_Practics2.csproj", "{4AC71802-9C81-4BA5-ABE9-7BC4D936D681}"
EndProject
Global
	GlobalSection(SolutionConfigurationPlatforms) = preSolution
		Debug|Any CPU = Debug|Any CPU
		Release|Any CPU = Release|Any CPU
	EndGlobalSection
	GlobalSection(ProjectConfigurationPlatforms) = postSolution
		{4576428D-992C-4F98-A4A3-32D970374E66}.Debug|Any CPU.ActiveCfg = Debug|Any CPU
		{4576428D-992C-4F98-A4A3-32D970374E66}.Debug|Any CPU.Build.0 = Debug|Any CPU
		{4576428D-992C-4F98-A4A3-32D970374E66}.Release|Any CPU.ActiveCfg = Release|Any CPU
		{4576428D-992C-4F98-A4A3-32D970374E66}.Release|Any CPU.Build.0 = Release|Any CPU
		{4AC71802-9C81-4BA5-ABE9-7BC4D936D681}.Debug|Any CPU.ActiveCfg = Debug|Any CPU
		{4AC71802-9C81-4BA5-ABE9-7BC4D936D681}.Debug|Any CPU.Build.0 = Debug|Any CPU
		{4AC71802-9C81-4BA5-ABE9-7BC4D936D681}.Release|Any CPU.ActiveCfg = Release|Any CPU
		{4AC71802-9C81-4BA5-ABE9-7BC4D936D681}.Release|Any CPU.Build.0 = Release|Any CPU
	EndGlobalSection
	GlobalSection(SolutionProperties) = preSolution
		HideSolutionNode = FALSE
	EndGlobalSection
	GlobalSection(ExtensibilityGlobals) = postSolution
		SolutionGuid = {C0012179-FE1A-4C08-BA1C-D8E30512FA97}
	EndGlobalSection
EndGlobal
